{
  "name": "web-components",
  "version": "1.0.0",
  "lockfileVersion": 2,
  "requires": true,
  "packages": {
    "": {
      "name": "web-components",
      "version": "1.0.0",
      "license": "ISC",
      "dependencies": {
        "@twind/core": "^1.1.3",
        "@twind/preset-autoprefix": "^1.0.7",
        "@twind/preset-tailwind": "^1.1.4",
        "@twind/with-web-components": "^1.1.3",
        "lit": "^2.7.5"
      }
    },
    "node_modules/@lit-labs/ssr-dom-shim": {
      "version": "1.1.1",
      "resolved": "https://registry.npmjs.org/@lit-labs/ssr-dom-shim/-/ssr-dom-shim-1.1.1.tgz",
      "integrity": "sha512-kXOeFbfCm4fFf2A3WwVEeQj55tMZa8c8/f9AKHMobQMkzNUfUj+antR3fRPaZJawsa1aZiP/Da3ndpZrwEe4rQ=="
    },
    "node_modules/@lit/reactive-element": {
      "version": "1.6.2",
      "resolved": "https://registry.npmjs.org/@lit/reactive-element/-/reactive-element-1.6.2.tgz",
      "integrity": "sha512-rDfl+QnCYjuIGf5xI2sVJWdYIi56CTCwWa+nidKYX6oIuBYwUbT/vX4qbUDlHiZKJ/3FRNQ/tWJui44p6/stSA==",
      "dependencies": {
        "@lit-labs/ssr-dom-shim": "^1.0.0"
      }
    },
    "node_modules/@twind/core": {
      "version": "1.1.3",
      "resolved": "https://registry.npmjs.org/@twind/core/-/core-1.1.3.tgz",
      "integrity": "sha512-/B/aNFerMb2IeyjSJy3SJxqVxhrT77gBDknLMiZqXIRr4vNJqiuhx7KqUSRzDCwUmyGuogkamz+aOLzN6MeSLw==",
      "funding": [
        {
          "type": "Open Collective",
          "url": "https://opencollective.com/twind"
        },
        {
          "type": "Github Sponsor",
          "url": "https://github.com/sponsors/tw-in-js"
        },
        {
          "type": "Ko-fi",
          "url": "https://ko-fi.com/twind"
        }
      ],
      "dependencies": {
        "csstype": "^3.1.1"
      },
      "engines": {
        "node": ">=14.15.0"
      },
      "peerDependencies": {
        "typescript": "^4.8.4"
      },
      "peerDependenciesMeta": {
        "typescript": {
          "optional": true
        }
      }
    },
    "node_modules/@twind/preset-autoprefix": {
      "version": "1.0.7",
      "resolved": "https://registry.npmjs.org/@twind/preset-autoprefix/-/preset-autoprefix-1.0.7.tgz",
      "integrity": "sha512-3wmHO0pG/CVxYBNZUV0tWcL7CP0wD5KpyWAQE/KOalWmOVBj+nH6j3v6Y3I3pRuMFaG5DC78qbYbhA1O11uG3w==",
      "funding": [
        {
          "type": "Open Collective",
          "url": "https://opencollective.com/twind"
        },
        {
          "type": "Github Sponsor",
          "url": "https://github.com/sponsors/tw-in-js"
        },
        {
          "type": "Ko-fi",
          "url": "https://ko-fi.com/twind"
        }
      ],
      "dependencies": {
        "style-vendorizer": "^2.2.3"
      },
      "engines": {
        "node": ">=14.15.0"
      },
      "peerDependencies": {
        "@twind/core": "^1.1.0",
        "typescript": "^4.8.4"
      },
      "peerDependenciesMeta": {
        "typescript": {
          "optional": true
        }
      }
    },
    "node_modules/@twind/preset-tailwind": {
      "version": "1.1.4",
      "resolved": "https://registry.npmjs.org/@twind/preset-tailwind/-/preset-tailwind-1.1.4.tgz",
      "integrity": "sha512-zv85wrP/DW4AxgWrLfH7kyGn/KJF3K04FMLVl2AjoxZGYdCaoZDkL8ma3hzaKQ+WGgBFRubuB/Ku2Rtv/wjzVw==",
      "funding": [
        {
          "type": "Open Collective",
          "url": "https://opencollective.com/twind"
        },
        {
          "type": "Github Sponsor",
          "url": "https://github.com/sponsors/tw-in-js"
        },
        {
          "type": "Ko-fi",
          "url": "https://ko-fi.com/twind"
        }
      ],
      "engines": {
        "node": ">=14.15.0"
      },
      "peerDependencies": {
        "@twind/core": "^1.1.0",
        "typescript": "^4.8.4"
      },
      "peerDependenciesMeta": {
        "typescript": {
          "optional": true
        }
      }
    },
    "node_modules/@twind/with-web-components": {
      "version": "1.1.3",
      "resolved": "https://registry.npmjs.org/@twind/with-web-components/-/with-web-components-1.1.3.tgz",
      "integrity": "sha512-pM2Ps58pkLQva2HsC/cm2y5kTIwojJ6896w4+kXIMCOhuoOfTeyNOkYvBdr8Cpkvm+vR+ggPITNdvpzAOXa+Dg==",
      "funding": [
        {
          "type": "Open Collective",
          "url": "https://opencollective.com/twind"
        },
        {
          "type": "Github Sponsor",
          "url": "https://github.com/sponsors/tw-in-js"
        },
        {
          "type": "Ko-fi",
          "url": "https://ko-fi.com/twind"
        }
      ],
      "engines": {
        "node": ">=14.15.0"
      },
      "peerDependencies": {
        "@twind/core": "^1.1.0",
        "typescript": "^4.8.4"
      },
      "peerDependenciesMeta": {
        "typescript": {
          "optional": true
        }
      }
    },
    "node_modules/@types/trusted-types": {
      "version": "2.0.3",
      "resolved": "https://registry.npmjs.org/@types/trusted-types/-/trusted-types-2.0.3.tgz",
      "integrity": "sha512-NfQ4gyz38SL8sDNrSixxU2Os1a5xcdFxipAFxYEuLUlvU2uDwS4NUpsImcf1//SlWItCVMMLiylsxbmNMToV/g=="
    },
    "node_modules/csstype": {
      "version": "3.1.2",
      "resolved": "https://registry.npmjs.org/csstype/-/csstype-3.1.2.tgz",
      "integrity": "sha512-I7K1Uu0MBPzaFKg4nI5Q7Vs2t+3gWWW648spaF+Rg7pI9ds18Ugn+lvg4SHczUdKlHI5LWBXyqfS8+DufyBsgQ=="
    },
    "node_modules/lit": {
      "version": "2.7.5",
      "resolved": "https://registry.npmjs.org/lit/-/lit-2.7.5.tgz",
      "integrity": "sha512-i/cH7Ye6nBDUASMnfwcictBnsTN91+aBjXoTHF2xARghXScKxpD4F4WYI+VLXg9lqbMinDfvoI7VnZXjyHgdfQ==",
      "dependencies": {
        "@lit/reactive-element": "^1.6.0",
        "lit-element": "^3.3.0",
        "lit-html": "^2.7.0"
      }
    },
    "node_modules/lit-element": {
      "version": "3.3.2",
      "resolved": "https://registry.npmjs.org/lit-element/-/lit-element-3.3.2.tgz",
      "integrity": "sha512-xXAeVWKGr4/njq0rGC9dethMnYCq5hpKYrgQZYTzawt9YQhMiXfD+T1RgrdY3NamOxwq2aXlb0vOI6e29CKgVQ==",
      "dependencies": {
        "@lit-labs/ssr-dom-shim": "^1.1.0",
        "@lit/reactive-element": "^1.3.0",
        "lit-html": "^2.7.0"
      }
    },
    "node_modules/lit-html": {
      "version": "2.7.4",
      "resolved": "https://registry.npmjs.org/lit-html/-/lit-html-2.7.4.tgz",
      "integrity": "sha512-/Jw+FBpeEN+z8X6PJva5n7+0MzCVAH2yypN99qHYYkq8bI+j7I39GH+68Z/MZD6rGKDK9RpzBw7CocfmHfq6+g==",
      "dependencies": {
        "@types/trusted-types": "^2.0.2"
      }
    },
    "node_modules/style-vendorizer": {
      "version": "2.2.3",
      "resolved": "https://registry.npmjs.org/style-vendorizer/-/style-vendorizer-2.2.3.tgz",
      "integrity": "sha512-/VDRsWvQAgspVy9eATN3z6itKTuyg+jW1q6UoTCQCFRqPDw8bi3E1hXIKnGw5LvXS2AQPuJ7Af4auTLYeBOLEg=="
    }
  },
  "dependencies": {
    "@lit-labs/ssr-dom-shim": {
      "version": "1.1.1",
      "resolved": "https://registry.npmjs.org/@lit-labs/ssr-dom-shim/-/ssr-dom-shim-1.1.1.tgz",
      "integrity": "sha512-kXOeFbfCm4fFf2A3WwVEeQj55tMZa8c8/f9AKHMobQMkzNUfUj+antR3fRPaZJawsa1aZiP/Da3ndpZrwEe4rQ=="
    },
    "@lit/reactive-element": {
      "version": "1.6.2",
      "resolved": "https://registry.npmjs.org/@lit/reactive-element/-/reactive-element-1.6.2.tgz",
      "integrity": "sha512-rDfl+QnCYjuIGf5xI2sVJWdYIi56CTCwWa+nidKYX6oIuBYwUbT/vX4qbUDlHiZKJ/3FRNQ/tWJui44p6/stSA==",
      "requires": {
        "@lit-labs/ssr-dom-shim": "^1.0.0"
      }
    },
    "@twind/core": {
      "version": "1.1.3",
      "resolved": "https://registry.npmjs.org/@twind/core/-/core-1.1.3.tgz",
      "integrity": "sha512-/B/aNFerMb2IeyjSJy3SJxqVxhrT77gBDknLMiZqXIRr4vNJqiuhx7KqUSRzDCwUmyGuogkamz+aOLzN6MeSLw==",
      "requires": {
        "csstype": "^3.1.1"
      }
    },
    "@twind/preset-autoprefix": {
      "version": "1.0.7",
      "resolved": "https://registry.npmjs.org/@twind/preset-autoprefix/-/preset-autoprefix-1.0.7.tgz",
      "integrity": "sha512-3wmHO0pG/CVxYBNZUV0tWcL7CP0wD5KpyWAQE/KOalWmOVBj+nH6j3v6Y3I3pRuMFaG5DC78qbYbhA1O11uG3w==",
      "requires": {
        "style-vendorizer": "^2.2.3"
      }
    },
    "@twind/preset-tailwind": {
      "version": "1.1.4",
      "resolved": "https://registry.npmjs.org/@twind/preset-tailwind/-/preset-tailwind-1.1.4.tgz",
      "integrity": "sha512-zv85wrP/DW4AxgWrLfH7kyGn/KJF3K04FMLVl2AjoxZGYdCaoZDkL8ma3hzaKQ+WGgBFRubuB/Ku2Rtv/wjzVw==",
      "requires": {}
    },
    "@twind/with-web-components": {
      "version": "1.1.3",
      "resolved": "https://registry.npmjs.org/@twind/with-web-components/-/with-web-components-1.1.3.tgz",
      "integrity": "sha512-pM2Ps58pkLQva2HsC/cm2y5kTIwojJ6896w4+kXIMCOhuoOfTeyNOkYvBdr8Cpkvm+vR+ggPITNdvpzAOXa+Dg==",
      "requires": {}
    },
    "@types/trusted-types": {
      "version": "2.0.3",
      "resolved": "https://registry.npmjs.org/@types/trusted-types/-/trusted-types-2.0.3.tgz",
      "integrity": "sha512-NfQ4gyz38SL8sDNrSixxU2Os1a5xcdFxipAFxYEuLUlvU2uDwS4NUpsImcf1//SlWItCVMMLiylsxbmNMToV/g=="
    },
    "csstype": {
      "version": "3.1.2",
      "resolved": "https://registry.npmjs.org/csstype/-/csstype-3.1.2.tgz",
      "integrity": "sha512-I7K1Uu0MBPzaFKg4nI5Q7Vs2t+3gWWW648spaF+Rg7pI9ds18Ugn+lvg4SHczUdKlHI5LWBXyqfS8+DufyBsgQ=="
    },
    "lit": {
      "version": "2.7.5",
      "resolved": "https://registry.npmjs.org/lit/-/lit-2.7.5.tgz",
      "integrity": "sha512-i/cH7Ye6nBDUASMnfwcictBnsTN91+aBjXoTHF2xARghXScKxpD4F4WYI+VLXg9lqbMinDfvoI7VnZXjyHgdfQ==",
      "requires": {
        "@lit/reactive-element": "^1.6.0",
        "lit-element": "^3.3.0",
        "lit-html": "^2.7.0"
      }
    },
    "lit-element": {
      "version": "3.3.2",
      "resolved": "https://registry.npmjs.org/lit-element/-/lit-element-3.3.2.tgz",
      "integrity": "sha512-xXAeVWKGr4/njq0rGC9dethMnYCq5hpKYrgQZYTzawt9YQhMiXfD+T1RgrdY3NamOxwq2aXlb0vOI6e29CKgVQ==",
      "requires": {
        "@lit-labs/ssr-dom-shim": "^1.1.0",
        "@lit/reactive-element": "^1.3.0",
        "lit-html": "^2.7.0"
      }
    },
    "lit-html": {
      "version": "2.7.4",
      "resolved": "https://registry.npmjs.org/lit-html/-/lit-html-2.7.4.tgz",
      "integrity": "sha512-/Jw+FBpeEN+z8X6PJva5n7+0MzCVAH2yypN99qHYYkq8bI+j7I39GH+68Z/MZD6rGKDK9RpzBw7CocfmHfq6+g==",
      "requires": {
        "@types/trusted-types": "^2.0.2"
      }
    },
    "style-vendorizer": {
      "version": "2.2.3",
      "resolved": "https://registry.npmjs.org/style-vendorizer/-/style-vendorizer-2.2.3.tgz",
      "integrity": "sha512-/VDRsWvQAgspVy9eATN3z6itKTuyg+jW1q6UoTCQCFRqPDw8bi3E1hXIKnGw5LvXS2AQPuJ7Af4auTLYeBOLEg=="
    }
  }
}
